version = 1
revision = 3
requires-python = ">=3.9, <3.11"

[[package]]
name = "cloudpickle"
version = "3.1.0"
source = { registry = "https://pypi.org/simple" }
sdist = { url = "https://files.pythonhosted.org/packages/97/c7/f746cadd08c4c08129215cf1b984b632f9e579fc781301e63da9e85c76c1/cloudpickle-3.1.0.tar.gz", hash = "sha256:81a929b6e3c7335c863c771d673d105f02efdb89dfaba0c90495d1c64796601b", size = 66155, upload-time = "2024-10-11T16:30:23.241Z" }
wheels = [
    { url = "https://files.pythonhosted.org/packages/48/41/e1d85ca3cab0b674e277c8c4f678cf66a91cd2cecf93df94353a606fe0db/cloudpickle-3.1.0-py3-none-any.whl", hash = "sha256:fe11acda67f61aaaec473e3afe030feb131d78a43461b718185363384f1ba12e", size = 22021, upload-time = "2024-10-11T16:30:12.798Z" },
]

[[package]]
name = "colorama"
version = "0.4.6"
source = { registry = "https://pypi.org/simple" }
sdist = { url = "https://files.pythonhosted.org/packages/d8/53/6f443c9a4a8358a93a6792e2acffb9d9d5cb0a5cfd8802644b7b1c9a02e4/colorama-0.4.6.tar.gz", hash = "sha256:08695f5cb7ed6e0531a20572697297273c47b8cae5a63ffc6d6ed5c201be6e44", size = 27697, upload-time = "2022-10-25T02:36:22.414Z" }
wheels = [
    { url = "https://files.pythonhosted.org/packages/d1/d6/3965ed04c63042e047cb6a3e6ed1a63a35087b6a609aa3a15ed8ac56c221/colorama-0.4.6-py2.py3-none-any.whl", hash = "sha256:4f1d9991f5acc0ca119f9d443620b77f9d6b33703e51011c16baf57afb285fc6", size = 25335, upload-time = "2022-10-25T02:36:20.889Z" },
]

[[package]]
name = "exceptiongroup"
version = "1.2.2"
source = { registry = "https://pypi.org/simple" }
sdist = { url = "https://files.pythonhosted.org/packages/09/35/2495c4ac46b980e4ca1f6ad6db102322ef3ad2410b79fdde159a4b0f3b92/exceptiongroup-1.2.2.tar.gz", hash = "sha256:47c2edf7c6738fafb49fd34290706d1a1a2f4d1c6df275526b62cbb4aa5393cc", size = 28883, upload-time = "2024-07-12T22:26:00.161Z" }
wheels = [
    { url = "https://files.pythonhosted.org/packages/02/cc/b7e31358aac6ed1ef2bb790a9746ac2c69bcb3c8588b41616914eb106eaf/exceptiongroup-1.2.2-py3-none-any.whl", hash = "sha256:3111b9d131c238bec2f8f516e123e14ba243563fb135d3fe885990585aa7795b", size = 16453, upload-time = "2024-07-12T22:25:58.476Z" },
]

[[package]]
name = "farama-notifications"
version = "0.0.4"
source = { registry = "https://pypi.org/simple" }
sdist = { url = "https://files.pythonhosted.org/packages/2e/2c/8384832b7a6b1fd6ba95bbdcae26e7137bb3eedc955c42fd5cdcc086cfbf/Farama-Notifications-0.0.4.tar.gz", hash = "sha256:13fceff2d14314cf80703c8266462ebf3733c7d165336eee998fc58e545efd18", size = 2131, upload-time = "2023-02-27T18:28:41.047Z" }
wheels = [
    { url = "https://files.pythonhosted.org/packages/05/2c/ffc08c54c05cdce6fbed2aeebc46348dbe180c6d2c541c7af7ba0aa5f5f8/Farama_Notifications-0.0.4-py3-none-any.whl", hash = "sha256:14de931035a41961f7c056361dc7f980762a143d05791ef5794a751a2caf05ae", size = 2511, upload-time = "2023-02-27T18:28:39.447Z" },
]

[[package]]
name = "gymnasium"
version = "1.0.0"
source = { registry = "https://pypi.org/simple" }
dependencies = [
    { name = "cloudpickle" },
    { name = "farama-notifications" },
    { name = "importlib-metadata", marker = "python_full_version < '3.10'" },
    { name = "numpy" },
    { name = "typing-extensions" },
]
sdist = { url = "https://files.pythonhosted.org/packages/4e/12/1047b8fdbfcdce74022048d916e844ad7e6e1114d81d26a7aed657e3a76d/gymnasium-1.0.0.tar.gz", hash = "sha256:9d2b66f30c1b34fe3c2ce7fae65ecf365d0e9982d2b3d860235e773328a3b403", size = 821389, upload-time = "2024-10-08T10:01:02.49Z" }
wheels = [
    { url = "https://files.pythonhosted.org/packages/de/85/f5039ce2df5f0789ff1240f08a59f3e8c92e4c5f99543b7aad7388532f7c/gymnasium-1.0.0-py3-none-any.whl", hash = "sha256:b6f40e1e24c5bd419361e1a5b86a9117d2499baecc3a660d44dfff4c465393ad", size = 958120, upload-time = "2024-10-08T10:01:00.337Z" },
]

[[package]]
name = "importlib-metadata"
version = "8.5.0"
source = { registry = "https://pypi.org/simple" }
dependencies = [
    { name = "zipp" },
]
sdist = { url = "https://files.pythonhosted.org/packages/cd/12/33e59336dca5be0c398a7482335911a33aa0e20776128f038019f1a95f1b/importlib_metadata-8.5.0.tar.gz", hash = "sha256:71522656f0abace1d072b9e5481a48f07c138e00f079c38c8f883823f9c26bd7", size = 55304, upload-time = "2024-09-11T14:56:08.937Z" }
wheels = [
    { url = "https://files.pythonhosted.org/packages/a0/d9/a1e041c5e7caa9a05c925f4bdbdfb7f006d1f74996af53467bc394c97be7/importlib_metadata-8.5.0-py3-none-any.whl", hash = "sha256:45e54197d28b7a7f1559e60b95e7c567032b602131fbd588f1497f47880aa68b", size = 26514, upload-time = "2024-09-11T14:56:07.019Z" },
]

[[package]]
name = "iniconfig"
version = "2.0.0"
source = { registry = "https://pypi.org/simple" }
sdist = { url = "https://files.pythonhosted.org/packages/d7/4b/cbd8e699e64a6f16ca3a8220661b5f83792b3017d0f79807cb8708d33913/iniconfig-2.0.0.tar.gz", hash = "sha256:2d91e135bf72d31a410b17c16da610a82cb55f6b0477d1a902134b24a455b8b3", size = 4646, upload-time = "2023-01-07T11:08:11.254Z" }
wheels = [
    { url = "https://files.pythonhosted.org/packages/ef/a6/62565a6e1cf69e10f5727360368e451d4b7f58beeac6173dc9db836a5b46/iniconfig-2.0.0-py3-none-any.whl", hash = "sha256:b6a85871a79d2e3b22d2d1b94ac2824226a63c6b741c88f7ae975f18b6778374", size = 5892, upload-time = "2023-01-07T11:08:09.864Z" },
]

[[package]]
name = "lenses"
version = "1.2.0"
source = { registry = "https://pypi.org/simple" }
wheels = [
    { url = "https://files.pythonhosted.org/packages/fb/06/6a7c30c3519181263e1bbf0cbea67ef4a43a64443ee16717c7d760214943/lenses-1.2.0-py3-none-any.whl", hash = "sha256:e03c81e35500e12e1d35504f76c26489c0a4e08b0881e96fc4e8a1b707c53f16", size = 51113, upload-time = "2023-10-24T17:43:13.95Z" },
]

[[package]]
name = "numpy"
version = "2.0.2"
source = { registry = "https://pypi.org/simple" }
sdist = { url = "https://files.pythonhosted.org/packages/a9/75/10dd1f8116a8b796cb2c737b674e02d02e80454bda953fa7e65d8c12b016/numpy-2.0.2.tar.gz", hash = "sha256:883c987dee1880e2a864ab0dc9892292582510604156762362d9326444636e78", size = 18902015, upload-time = "2024-08-26T20:19:40.945Z" }
wheels = [
    { url = "https://files.pythonhosted.org/packages/21/91/3495b3237510f79f5d81f2508f9f13fea78ebfdf07538fc7444badda173d/numpy-2.0.2-cp310-cp310-macosx_10_9_x86_64.whl", hash = "sha256:51129a29dbe56f9ca83438b706e2e69a39892b5eda6cedcb6b0c9fdc9b0d3ece", size = 21165245, upload-time = "2024-08-26T20:04:14.625Z" },
    { url = "https://files.pythonhosted.org/packages/05/33/26178c7d437a87082d11019292dce6d3fe6f0e9026b7b2309cbf3e489b1d/numpy-2.0.2-cp310-cp310-macosx_11_0_arm64.whl", hash = "sha256:f15975dfec0cf2239224d80e32c3170b1d168335eaedee69da84fbe9f1f9cd04", size = 13738540, upload-time = "2024-08-26T20:04:36.784Z" },
    { url = "https://files.pythonhosted.org/packages/ec/31/cc46e13bf07644efc7a4bf68df2df5fb2a1a88d0cd0da9ddc84dc0033e51/numpy-2.0.2-cp310-cp310-macosx_14_0_arm64.whl", hash = "sha256:8c5713284ce4e282544c68d1c3b2c7161d38c256d2eefc93c1d683cf47683e66", size = 5300623, upload-time = "2024-08-26T20:04:46.491Z" },
    { url = "https://files.pythonhosted.org/packages/6e/16/7bfcebf27bb4f9d7ec67332ffebee4d1bf085c84246552d52dbb548600e7/numpy-2.0.2-cp310-cp310-macosx_14_0_x86_64.whl", hash = "sha256:becfae3ddd30736fe1889a37f1f580e245ba79a5855bff5f2a29cb3ccc22dd7b", size = 6901774, upload-time = "2024-08-26T20:04:58.173Z" },
    { url = "https://files.pythonhosted.org/packages/f9/a3/561c531c0e8bf082c5bef509d00d56f82e0ea7e1e3e3a7fc8fa78742a6e5/numpy-2.0.2-cp310-cp310-manylinux_2_17_aarch64.manylinux2014_aarch64.whl", hash = "sha256:2da5960c3cf0df7eafefd806d4e612c5e19358de82cb3c343631188991566ccd", size = 13907081, upload-time = "2024-08-26T20:05:19.098Z" },
    { url = "https://files.pythonhosted.org/packages/fa/66/f7177ab331876200ac7563a580140643d1179c8b4b6a6b0fc9838de2a9b8/numpy-2.0.2-cp310-cp310-manylinux_2_17_x86_64.manylinux2014_x86_64.whl", hash = "sha256:496f71341824ed9f3d2fd36cf3ac57ae2e0165c143b55c3a035ee219413f3318", size = 19523451, upload-time = "2024-08-26T20:05:47.479Z" },
    { url = "https://files.pythonhosted.org/packages/25/7f/0b209498009ad6453e4efc2c65bcdf0ae08a182b2b7877d7ab38a92dc542/numpy-2.0.2-cp310-cp310-musllinux_1_1_x86_64.whl", hash = "sha256:a61ec659f68ae254e4d237816e33171497e978140353c0c2038d46e63282d0c8", size = 19927572, upload-time = "2024-08-26T20:06:17.137Z" },
    { url = "https://files.pythonhosted.org/packages/3e/df/2619393b1e1b565cd2d4c4403bdd979621e2c4dea1f8532754b2598ed63b/numpy-2.0.2-cp310-cp310-musllinux_1_2_aarch64.whl", hash = "sha256:d731a1c6116ba289c1e9ee714b08a8ff882944d4ad631fd411106a30f083c326", size = 14400722, upload-time = "2024-08-26T20:06:39.16Z" },
    { url = "https://files.pythonhosted.org/packages/22/ad/77e921b9f256d5da36424ffb711ae79ca3f451ff8489eeca544d0701d74a/numpy-2.0.2-cp310-cp310-win32.whl", hash = "sha256:984d96121c9f9616cd33fbd0618b7f08e0cfc9600a7ee1d6fd9b239186d19d97", size = 6472170, upload-time = "2024-08-26T20:06:50.361Z" },
    { url = "https://files.pythonhosted.org/packages/10/05/3442317535028bc29cf0c0dd4c191a4481e8376e9f0db6bcf29703cadae6/numpy-2.0.2-cp310-cp310-win_amd64.whl", hash = "sha256:c7b0be4ef08607dd04da4092faee0b86607f111d5ae68036f16cc787e250a131", size = 15905558, upload-time = "2024-08-26T20:07:13.881Z" },
    { url = "https://files.pythonhosted.org/packages/43/c1/41c8f6df3162b0c6ffd4437d729115704bd43363de0090c7f913cfbc2d89/numpy-2.0.2-cp39-cp39-macosx_10_9_x86_64.whl", hash = "sha256:9059e10581ce4093f735ed23f3b9d283b9d517ff46009ddd485f1747eb22653c", size = 21169942, upload-time = "2024-08-26T20:14:40.108Z" },
    { url = "https://files.pythonhosted.org/packages/39/bc/fd298f308dcd232b56a4031fd6ddf11c43f9917fbc937e53762f7b5a3bb1/numpy-2.0.2-cp39-cp39-macosx_11_0_arm64.whl", hash = "sha256:423e89b23490805d2a5a96fe40ec507407b8ee786d66f7328be214f9679df6dd", size = 13711512, upload-time = "2024-08-26T20:15:00.985Z" },
    { url = "https://files.pythonhosted.org/packages/96/ff/06d1aa3eeb1c614eda245c1ba4fb88c483bee6520d361641331872ac4b82/numpy-2.0.2-cp39-cp39-macosx_14_0_arm64.whl", hash = "sha256:2b2955fa6f11907cf7a70dab0d0755159bca87755e831e47932367fc8f2f2d0b", size = 5306976, upload-time = "2024-08-26T20:15:10.876Z" },
    { url = "https://files.pythonhosted.org/packages/2d/98/121996dcfb10a6087a05e54453e28e58694a7db62c5a5a29cee14c6e047b/numpy-2.0.2-cp39-cp39-macosx_14_0_x86_64.whl", hash = "sha256:97032a27bd9d8988b9a97a8c4d2c9f2c15a81f61e2f21404d7e8ef00cb5be729", size = 6906494, upload-time = "2024-08-26T20:15:22.055Z" },
    { url = "https://files.pythonhosted.org/packages/15/31/9dffc70da6b9bbf7968f6551967fc21156207366272c2a40b4ed6008dc9b/numpy-2.0.2-cp39-cp39-manylinux_2_17_aarch64.manylinux2014_aarch64.whl", hash = "sha256:1e795a8be3ddbac43274f18588329c72939870a16cae810c2b73461c40718ab1", size = 13912596, upload-time = "2024-08-26T20:15:42.452Z" },
    { url = "https://files.pythonhosted.org/packages/b9/14/78635daab4b07c0930c919d451b8bf8c164774e6a3413aed04a6d95758ce/numpy-2.0.2-cp39-cp39-manylinux_2_17_x86_64.manylinux2014_x86_64.whl", hash = "sha256:f26b258c385842546006213344c50655ff1555a9338e2e5e02a0756dc3e803dd", size = 19526099, upload-time = "2024-08-26T20:16:11.048Z" },
    { url = "https://files.pythonhosted.org/packages/26/4c/0eeca4614003077f68bfe7aac8b7496f04221865b3a5e7cb230c9d055afd/numpy-2.0.2-cp39-cp39-musllinux_1_1_x86_64.whl", hash = "sha256:5fec9451a7789926bcf7c2b8d187292c9f93ea30284802a0ab3f5be8ab36865d", size = 19932823, upload-time = "2024-08-26T20:16:40.171Z" },
    { url = "https://files.pythonhosted.org/packages/f1/46/ea25b98b13dccaebddf1a803f8c748680d972e00507cd9bc6dcdb5aa2ac1/numpy-2.0.2-cp39-cp39-musllinux_1_2_aarch64.whl", hash = "sha256:9189427407d88ff25ecf8f12469d4d39d35bee1db5d39fc5c168c6f088a6956d", size = 14404424, upload-time = "2024-08-26T20:17:02.604Z" },
    { url = "https://files.pythonhosted.org/packages/c8/a6/177dd88d95ecf07e722d21008b1b40e681a929eb9e329684d449c36586b2/numpy-2.0.2-cp39-cp39-win32.whl", hash = "sha256:905d16e0c60200656500c95b6b8dca5d109e23cb24abc701d41c02d74c6b3afa", size = 6476809, upload-time = "2024-08-26T20:17:13.553Z" },
    { url = "https://files.pythonhosted.org/packages/ea/2b/7fc9f4e7ae5b507c1a3a21f0f15ed03e794c1242ea8a242ac158beb56034/numpy-2.0.2-cp39-cp39-win_amd64.whl", hash = "sha256:a3f4ab0caa7f053f6797fcd4e1e25caee367db3112ef2b6ef82d749530768c73", size = 15911314, upload-time = "2024-08-26T20:17:36.72Z" },
    { url = "https://files.pythonhosted.org/packages/8f/3b/df5a870ac6a3be3a86856ce195ef42eec7ae50d2a202be1f5a4b3b340e14/numpy-2.0.2-pp39-pypy39_pp73-macosx_10_9_x86_64.whl", hash = "sha256:7f0a0c6f12e07fa94133c8a67404322845220c06a9e80e85999afe727f7438b8", size = 21025288, upload-time = "2024-08-26T20:18:07.732Z" },
    { url = "https://files.pythonhosted.org/packages/2c/97/51af92f18d6f6f2d9ad8b482a99fb74e142d71372da5d834b3a2747a446e/numpy-2.0.2-pp39-pypy39_pp73-macosx_14_0_x86_64.whl", hash = "sha256:312950fdd060354350ed123c0e25a71327d3711584beaef30cdaa93320c392d4", size = 6762793, upload-time = "2024-08-26T20:18:19.125Z" },
    { url = "https://files.pythonhosted.org/packages/12/46/de1fbd0c1b5ccaa7f9a005b66761533e2f6a3e560096682683a223631fe9/numpy-2.0.2-pp39-pypy39_pp73-manylinux_2_17_x86_64.manylinux2014_x86_64.whl", hash = "sha256:26df23238872200f63518dd2aa984cfca675d82469535dc7162dc2ee52d9dd5c", size = 19334885, upload-time = "2024-08-26T20:18:47.237Z" },
    { url = "https://files.pythonhosted.org/packages/cc/dc/d330a6faefd92b446ec0f0dfea4c3207bb1fef3c4771d19cf4543efd2c78/numpy-2.0.2-pp39-pypy39_pp73-win_amd64.whl", hash = "sha256:a46288ec55ebbd58947d31d72be2c63cbf839f0a63b49cb755022310792a3385", size = 15828784, upload-time = "2024-08-26T20:19:11.19Z" },
]

[[package]]
name = "packaging"
version = "24.2"
source = { registry = "https://pypi.org/simple" }
sdist = { url = "https://files.pythonhosted.org/packages/d0/63/68dbb6eb2de9cb10ee4c9c14a0148804425e13c4fb20d61cce69f53106da/packaging-24.2.tar.gz", hash = "sha256:c228a6dc5e932d346bc5739379109d49e8853dd8223571c7c5b55260edc0b97f", size = 163950, upload-time = "2024-11-08T09:47:47.202Z" }
wheels = [
    { url = "https://files.pythonhosted.org/packages/88/ef/eb23f262cca3c0c4eb7ab1933c3b1f03d021f2c48f54763065b6f0e321be/packaging-24.2-py3-none-any.whl", hash = "sha256:09abb1bccd265c01f4a3aa3f7a7db064b36514d2cba19a2f694fe6150451a759", size = 65451, upload-time = "2024-11-08T09:47:44.722Z" },
]

[[package]]
name = "pluggy"
version = "1.5.0"
source = { registry = "https://pypi.org/simple" }
sdist = { url = "https://files.pythonhosted.org/packages/96/2d/02d4312c973c6050a18b314a5ad0b3210edb65a906f868e31c111dede4a6/pluggy-1.5.0.tar.gz", hash = "sha256:2cffa88e94fdc978c4c574f15f9e59b7f4201d439195c3715ca9e2486f1d0cf1", size = 67955, upload-time = "2024-04-20T21:34:42.531Z" }
wheels = [
    { url = "https://files.pythonhosted.org/packages/88/5f/e351af9a41f866ac3f1fac4ca0613908d9a41741cfcf2228f4ad853b697d/pluggy-1.5.0-py3-none-any.whl", hash = "sha256:44e1ad92c8ca002de6377e165f3e0f1be63266ab4d554740532335b9d75ea669", size = 20556, upload-time = "2024-04-20T21:34:40.434Z" },
]

[[package]]
name = "protobuf"
version = "3.20.2"
source = { registry = "https://pypi.org/simple" }
sdist = { url = "https://files.pythonhosted.org/packages/3d/79/34fbcce8666c74ec6729e2844143fd066d9708eecb89ecd2037fc6cfe9a9/protobuf-3.20.2.tar.gz", hash = "sha256:712dca319eee507a1e7df3591e639a2b112a2f4a62d40fe7832a16fd19151750", size = 216716, upload-time = "2022-09-13T21:56:49.375Z" }
wheels = [
    { url = "https://files.pythonhosted.org/packages/f9/c5/fc6c282fa6e8408684059f2c04ee3e1957e6ed454c896de279f4b725b2fb/protobuf-3.20.2-cp310-cp310-manylinux2014_aarch64.whl", hash = "sha256:09e25909c4297d71d97612f04f41cea8fa8510096864f2835ad2f3b3df5a5559", size = 918426, upload-time = "2022-09-14T18:30:25.484Z" },
    { url = "https://files.pythonhosted.org/packages/3d/6e/aab44b481801b04d95ba01f71f41b15960265045061cf6061c8c313b83c6/protobuf-3.20.2-cp310-cp310-manylinux_2_12_x86_64.manylinux2010_x86_64.whl", hash = "sha256:e8fbc522303e09036c752a0afcc5c0603e917222d8bedc02813fd73b4b4ed804", size = 1051042, upload-time = "2022-09-14T18:30:27.319Z" },
    { url = "https://files.pythonhosted.org/packages/e8/85/66a2453a3d76a0e5e1fee55cc2661a401558abdb1564818af0413e249423/protobuf-3.20.2-cp310-cp310-win32.whl", hash = "sha256:84a1544252a933ef07bb0b5ef13afe7c36232a774affa673fc3636f7cee1db6c", size = 780166, upload-time = "2022-09-14T18:30:29.508Z" },
    { url = "https://files.pythonhosted.org/packages/39/f3/393c00e45439a46f293077da5b0362a1a4d04b2c8242c35a763f03e8e742/protobuf-3.20.2-cp310-cp310-win_amd64.whl", hash = "sha256:2c0b040d0b5d5d207936ca2d02f00f765906622c07d3fa19c23a16a8ca71873f", size = 904027, upload-time = "2022-09-14T18:30:31.373Z" },
    { url = "https://files.pythonhosted.org/packages/c8/af/2a5278f09321eaeb1d6ff8deeedf57dcc66e7692cfa1b5f156a8e30c83e5/protobuf-3.20.2-cp39-cp39-macosx_10_9_x86_64.whl", hash = "sha256:291fb4307094bf5ccc29f424b42268640e00d5240bf0d9b86bf3079f7576474d", size = 982783, upload-time = "2022-09-14T18:30:55.943Z" },
    { url = "https://files.pythonhosted.org/packages/87/3b/1e241a4fae842f2e06b39e7b01fb999f318b606823e93cfead73165fdd50/protobuf-3.20.2-cp39-cp39-manylinux2014_aarch64.whl", hash = "sha256:b4fdb29c5a7406e3f7ef176b2a7079baa68b5b854f364c21abe327bbeec01cdb", size = 918421, upload-time = "2022-09-14T18:30:57.984Z" },
    { url = "https://files.pythonhosted.org/packages/38/b1/d9b615dceb67ac38e13cbd7680c27182b40154996022cbb244ba1ac7d30f/protobuf-3.20.2-cp39-cp39-manylinux_2_5_x86_64.manylinux1_x86_64.whl", hash = "sha256:7a5037af4e76c975b88c3becdf53922b5ffa3f2cddf657574a4920a3b33b80f3", size = 1019244, upload-time = "2022-09-14T18:31:00.052Z" },
    { url = "https://files.pythonhosted.org/packages/af/8a/0a0d4a3a2972988f4df4f935a8083ca232ed4b692d6cacb708bc31b60bcb/protobuf-3.20.2-cp39-cp39-win32.whl", hash = "sha256:a9e5ae5a8e8985c67e8944c23035a0dff2c26b0f5070b2f55b217a1c33bbe8b1", size = 780271, upload-time = "2022-09-14T18:31:03.383Z" },
    { url = "https://files.pythonhosted.org/packages/95/ec/410f21dd62810df692ced49ce7c7777c8d2ad239fdd26fcd72d5c5f42b7e/protobuf-3.20.2-cp39-cp39-win_amd64.whl", hash = "sha256:c184485e0dfba4dfd451c3bd348c2e685d6523543a0f91b9fd4ae90eb09e8422", size = 904214, upload-time = "2022-09-14T18:31:05.293Z" },
    { url = "https://files.pythonhosted.org/packages/8b/e6/2a47ce2eba1aaf287380a44270da897ada03d118a55c19595ec7b4f0831f/protobuf-3.20.2-py2.py3-none-any.whl", hash = "sha256:c9cdf251c582c16fd6a9f5e95836c90828d51b0069ad22f463761d27c6c19019", size = 162128, upload-time = "2022-09-13T21:56:47.5Z" },
]

[[package]]
name = "py"
version = "1.11.0"
source = { registry = "https://pypi.org/simple" }
sdist = { url = "https://files.pythonhosted.org/packages/98/ff/fec109ceb715d2a6b4c4a85a61af3b40c723a961e8828319fbcb15b868dc/py-1.11.0.tar.gz", hash = "sha256:51c75c4126074b472f746a24399ad32f6053d1b34b68d2fa41e558e6f4a98719", size = 207796, upload-time = "2021-11-04T17:17:01.377Z" }
wheels = [
    { url = "https://files.pythonhosted.org/packages/f6/f0/10642828a8dfb741e5f3fbaac830550a518a775c7fff6f04a007259b0548/py-1.11.0-py2.py3-none-any.whl", hash = "sha256:607c53218732647dff4acdfcd50cb62615cedf612e72d1724fb1a0cc6405b378", size = 98708, upload-time = "2021-11-04T17:17:00.152Z" },
]

[[package]]
name = "py-trees"
version = "2.3.0"
source = { registry = "https://pypi.org/simple" }
dependencies = [
    { name = "py" },
    { name = "pydot" },
]
sdist = { url = "https://files.pythonhosted.org/packages/4f/b6/1ab21ed427e2508135186de187bba5bba674b77746f0b130b33cbe68e621/py_trees-2.3.0.tar.gz", hash = "sha256:ff36cf3f228589d2efaaaa26eaebb08e1f9f7baa2b06398bc721e953aa45531f", size = 84068, upload-time = "2025-01-13T23:27:16.856Z" }
wheels = [
    { url = "https://files.pythonhosted.org/packages/39/1c/9f32299572bce7c1d46ca98425d82f3fe6723a526f05a01b39d491cbfdf6/py_trees-2.3.0-py3-none-any.whl", hash = "sha256:02831face639b15edd5830df76dd59f358358177384543cf17a5e019370bffc2", size = 112918, upload-time = "2025-01-13T23:27:15.54Z" },
]

[[package]]
name = "pydot"
version = "3.0.4"
source = { registry = "https://pypi.org/simple" }
dependencies = [
    { name = "pyparsing" },
]
sdist = { url = "https://files.pythonhosted.org/packages/66/dd/e0e6a4fb84c22050f6a9701ad9fd6a67ef82faa7ba97b97eb6fdc6b49b34/pydot-3.0.4.tar.gz", hash = "sha256:3ce88b2558f3808b0376f22bfa6c263909e1c3981e2a7b629b65b451eee4a25d", size = 168167, upload-time = "2025-01-05T16:18:45.763Z" }
wheels = [
    { url = "https://files.pythonhosted.org/packages/b0/5f/1ebfd430df05c4f9e438dd3313c4456eab937d976f6ab8ce81a98f9fb381/pydot-3.0.4-py3-none-any.whl", hash = "sha256:bfa9c3fc0c44ba1d132adce131802d7df00429d1a79cc0346b0a5cd374dbe9c6", size = 35776, upload-time = "2025-01-05T16:18:42.836Z" },
]

[[package]]
name = "pygame"
version = "2.6.1"
source = { registry = "https://pypi.org/simple" }
sdist = { url = "https://files.pythonhosted.org/packages/49/cc/08bba60f00541f62aaa252ce0cfbd60aebd04616c0b9574f755b583e45ae/pygame-2.6.1.tar.gz", hash = "sha256:56fb02ead529cee00d415c3e007f75e0780c655909aaa8e8bf616ee09c9feb1f", size = 14808125, upload-time = "2024-09-29T13:41:34.698Z" }
wheels = [
    { url = "https://files.pythonhosted.org/packages/54/0b/334c7c50a2979e15f2a027a41d1ca78ee730d5b1c7f7f4b26d7cb899839d/pygame-2.6.1-cp310-cp310-macosx_10_9_x86_64.whl", hash = "sha256:9beeb647e555afb5657111fa83acb74b99ad88761108eaea66472e8b8547b55b", size = 13109297, upload-time = "2024-09-29T14:25:34.709Z" },
    { url = "https://files.pythonhosted.org/packages/dc/48/f8b1069788d1bd42e63a960d74d3355242480b750173a42b2749687578ca/pygame-2.6.1-cp310-cp310-macosx_11_0_arm64.whl", hash = "sha256:10e3d2a55f001f6c0a6eb44aa79ea7607091c9352b946692acedb2ac1482f1c9", size = 12375837, upload-time = "2024-09-29T14:25:50.538Z" },
    { url = "https://files.pythonhosted.org/packages/bc/33/a1310386b8913ce1bdb90c33fa536970e299ad57eb35785f1d71ea1e2ad3/pygame-2.6.1-cp310-cp310-manylinux_2_17_aarch64.manylinux2014_aarch64.whl", hash = "sha256:816e85000c5d8b02a42b9834f761a5925ef3377d2924e3a7c4c143d2990ce5b8", size = 13607860, upload-time = "2024-09-29T11:10:44.173Z" },
    { url = "https://files.pythonhosted.org/packages/88/0f/4e37b115056e43714e7550054dd3cd7f4d552da54d7fc58a2fb1407acda5/pygame-2.6.1-cp310-cp310-manylinux_2_17_i686.manylinux2014_i686.whl", hash = "sha256:8a78fd030d98faab4a8e27878536fdff7518d3e062a72761c552f624ebba5a5f", size = 14304696, upload-time = "2024-09-29T11:39:46.724Z" },
    { url = "https://files.pythonhosted.org/packages/11/b3/de6ed93ae483cf3bac8f950a955e83f7ffe59651fd804d100fff65d66d6c/pygame-2.6.1-cp310-cp310-manylinux_2_17_x86_64.manylinux2014_x86_64.whl", hash = "sha256:da3ad64d685f84a34ebe5daacb39fff14f1251acb34c098d760d63fee768f50c", size = 13977684, upload-time = "2024-09-29T11:39:49.921Z" },
    { url = "https://files.pythonhosted.org/packages/d3/05/d86440aa879708c41844bafc6b3eb42c6d8cf54082482499b53139133e2a/pygame-2.6.1-cp310-cp310-win32.whl", hash = "sha256:9dd5c054d4bd875a8caf978b82672f02bec332f52a833a76899220c460bb4b58", size = 10251775, upload-time = "2024-09-29T11:40:34.952Z" },
    { url = "https://files.pythonhosted.org/packages/38/88/8de61324775cf2c844a51d8db14a8a6d2a9092312f27678f6eaa3a460376/pygame-2.6.1-cp310-cp310-win_amd64.whl", hash = "sha256:00827aba089355925902d533f9c41e79a799641f03746c50a374dc5c3362e43d", size = 10618801, upload-time = "2024-09-29T12:13:25.284Z" },
    { url = "https://files.pythonhosted.org/packages/a7/ed/9f49258c5012a4642fe931e3d3fdb87a210a76c4680ce47ec049bb93afae/pygame-2.6.1-cp39-cp39-macosx_10_9_x86_64.whl", hash = "sha256:15efaa11a80a65dd589a95bebe812fa5bfc7e14946b638a424c5bd9ac6cca1a4", size = 12967001, upload-time = "2024-09-29T14:28:00.081Z" },
    { url = "https://files.pythonhosted.org/packages/53/e1/620110f7aebf9ae28073f9576b9ef1bf90dceabc0a88007d0241d842a501/pygame-2.6.1-cp39-cp39-macosx_11_0_arm64.whl", hash = "sha256:481cfe1bdbb7fe00acc5950c494c26f00240888619bdc396fc8c39a734797432", size = 12378764, upload-time = "2024-09-29T14:28:10.715Z" },
    { url = "https://files.pythonhosted.org/packages/d3/4d/3621df95571465fa09fc65d48b9c70b32c4271b5c11b60aeabf592d3222e/pygame-2.6.1-cp39-cp39-manylinux_2_17_aarch64.manylinux2014_aarch64.whl", hash = "sha256:5d09fd950725d187aa5207c0cb8eb9ab0d2f8ce9ab8d189c30eeb470e71b617e", size = 13612295, upload-time = "2024-09-29T11:11:02.753Z" },
    { url = "https://files.pythonhosted.org/packages/b8/7e/8f8357ea9b82bc2229a27f79ccff827a68033a6e5f2221da127422978a28/pygame-2.6.1-cp39-cp39-manylinux_2_17_i686.manylinux2014_i686.whl", hash = "sha256:163e66de169bd5670c86e27d0b74aad0d2d745e3b63cf4e7eb5b2bff1231ca8d", size = 14307883, upload-time = "2024-09-29T11:40:24.514Z" },
    { url = "https://files.pythonhosted.org/packages/75/9c/5cee30344ea2c5c2292c036719322d28decd2699c813b99cb0e636212f99/pygame-2.6.1-cp39-cp39-manylinux_2_17_x86_64.manylinux2014_x86_64.whl", hash = "sha256:fb6e8d0547f30ddc845f4fd1e33070ef548233ad0dbf21f7ecea768883d1bbdc", size = 13980247, upload-time = "2024-09-29T11:40:26.822Z" },
    { url = "https://files.pythonhosted.org/packages/62/57/3e97f6c05632ac3424578b4683ef9c36882b8796862517f72236111f76b9/pygame-2.6.1-cp39-cp39-win32.whl", hash = "sha256:d29eb9a93f12aa3d997b6e3c447ac85b2a4b142ab2548441523a8fcf5e216042", size = 10254889, upload-time = "2024-09-29T11:36:35.71Z" },
    { url = "https://files.pythonhosted.org/packages/77/a9/6e8cfee4005d9ec165afd9146b930bcb5b921ec66395105316d00e7db6f5/pygame-2.6.1-cp39-cp39-win_amd64.whl", hash = "sha256:6582aa71a681e02e55d43150a9ab41394e6bf4d783d2962a10aea58f424be060", size = 10622066, upload-time = "2024-09-29T12:09:40.932Z" },
    { url = "https://files.pythonhosted.org/packages/9a/2f/8458240c8908a550254c80b64f8c03d6d46156664df3515a1331ae730b4e/pygame-2.6.1-pp39-pypy39_pp73-macosx_10_15_x86_64.whl", hash = "sha256:bbb7167c92103a2091366e9af26d4914ba3776666e8677d3c93551353fffa626", size = 12782440, upload-time = "2024-09-29T14:28:25.73Z" },
    { url = "https://files.pythonhosted.org/packages/b8/a5/ef76a85da2cb7bc6b9fc54b0a56cf75f244c8adcd16bab8d0d9d7398bfed/pygame-2.6.1-pp39-pypy39_pp73-manylinux_2_17_i686.manylinux2014_i686.whl", hash = "sha256:17498a2b043bc0e795faedef1b081199c688890200aef34991c1941caa2d2c89", size = 14182026, upload-time = "2024-09-29T11:40:28.978Z" },
    { url = "https://files.pythonhosted.org/packages/8b/11/5519d3dfc8046822289dbd8ffde407e30ddb56b6f4a78ca39121a545a322/pygame-2.6.1-pp39-pypy39_pp73-manylinux_2_17_x86_64.manylinux2014_x86_64.whl", hash = "sha256:7103c60939bbc1e05cfc7ba3f1d2ad3bbf103b7828b82a7166a9ab6f51950146", size = 13869271, upload-time = "2024-09-29T11:40:31.176Z" },
]

[[package]]
name = "pyparsing"
version = "3.2.1"
source = { registry = "https://pypi.org/simple" }
sdist = { url = "https://files.pythonhosted.org/packages/8b/1a/3544f4f299a47911c2ab3710f534e52fea62a633c96806995da5d25be4b2/pyparsing-3.2.1.tar.gz", hash = "sha256:61980854fd66de3a90028d679a954d5f2623e83144b5afe5ee86f43d762e5f0a", size = 1067694, upload-time = "2024-12-31T20:59:46.157Z" }
wheels = [
    { url = "https://files.pythonhosted.org/packages/1c/a7/c8a2d361bf89c0d9577c934ebb7421b25dc84bf3a8e3ac0a40aed9acc547/pyparsing-3.2.1-py3-none-any.whl", hash = "sha256:506ff4f4386c4cec0590ec19e6302d3aedb992fdc02c761e90416f158dacf8e1", size = 107716, upload-time = "2024-12-31T20:59:42.738Z" },
]

[[package]]
name = "pyserial"
version = "3.5"
source = { registry = "https://pypi.org/simple" }
sdist = { url = "https://files.pythonhosted.org/packages/1e/7d/ae3f0a63f41e4d2f6cb66a5b57197850f919f59e558159a4dd3a818f5082/pyserial-3.5.tar.gz", hash = "sha256:3c77e014170dfffbd816e6ffc205e9842efb10be9f58ec16d3e8675b4925cddb", size = 159125, upload-time = "2020-11-23T03:59:15.045Z" }
wheels = [
    { url = "https://files.pythonhosted.org/packages/07/bc/587a445451b253b285629263eb51c2d8e9bcea4fc97826266d186f96f558/pyserial-3.5-py2.py3-none-any.whl", hash = "sha256:c4451db6ba391ca6ca299fb3ec7bae67a5c55dde170964c7a14ceefec02f2cf0", size = 90585, upload-time = "2020-11-23T03:59:13.41Z" },
]

[[package]]
name = "pytest"
version = "8.3.4"
source = { registry = "https://pypi.org/simple" }
dependencies = [
    { name = "colorama", marker = "sys_platform == 'win32'" },
    { name = "exceptiongroup" },
    { name = "iniconfig" },
    { name = "packaging" },
    { name = "pluggy" },
    { name = "tomli" },
]
sdist = { url = "https://files.pythonhosted.org/packages/05/35/30e0d83068951d90a01852cb1cef56e5d8a09d20c7f511634cc2f7e0372a/pytest-8.3.4.tar.gz", hash = "sha256:965370d062bce11e73868e0335abac31b4d3de0e82f4007408d242b4f8610761", size = 1445919, upload-time = "2024-12-01T12:54:25.98Z" }
wheels = [
    { url = "https://files.pythonhosted.org/packages/11/92/76a1c94d3afee238333bc0a42b82935dd8f9cf8ce9e336ff87ee14d9e1cf/pytest-8.3.4-py3-none-any.whl", hash = "sha256:50e16d954148559c9a74109af1eaf0c945ba2d8f30f0a3d3335edde19788b6f6", size = 343083, upload-time = "2024-12-01T12:54:19.735Z" },
]

[[package]]
name = "rc-robosim"
version = "1.2"
source = { registry = "https://pypi.org/simple" }
sdist = { url = "https://files.pythonhosted.org/packages/f0/af/fbd88656ad694164defc69d032faf606d938db05051c8f1f87449e42e70a/rc-robosim-1.2.tar.gz", hash = "sha256:5080167ece949ad83b6e59fa96420ad0a1b5b8abd8c602776b70fa6c127961e7", size = 24859, upload-time = "2021-10-27T19:35:12.526Z" }
wheels = [
    { url = "https://files.pythonhosted.org/packages/d3/90/5c5960e30acd13eb43a780023761218612d26dd540d90b15edfef730b180/rc_robosim-1.2-cp310-cp310-manylinux_2_12_x86_64.manylinux2010_x86_64.whl", hash = "sha256:2df3e53f92362ef88ad7d08b5c96b63b171a53a4deee54ce698d00dd54a6b5ed", size = 601614, upload-time = "2021-10-27T19:35:06.41Z" },
    { url = "https://files.pythonhosted.org/packages/a4/31/d31b9e909aeaba8edc829174fd0836e4cd7cf72d783e1a892ce3ebe66550/rc_robosim-1.2-cp39-cp39-manylinux_2_12_x86_64.manylinux2010_x86_64.whl", hash = "sha256:8174aa8b628ad54bf6c992fe4be5b6c0f653e9e18a7397c2b96dae9519809ad4", size = 601552, upload-time = "2021-10-27T19:35:11.4Z" },
]

[[package]]
name = "ruff"
version = "0.9.8"
source = { registry = "https://pypi.org/simple" }
sdist = { url = "https://files.pythonhosted.org/packages/e9/59/ac745a2492986a4c900c73a7a3a10eb4d7a3853e43443519bceecae5eefc/ruff-0.9.8.tar.gz", hash = "sha256:12d455f2be6fe98accbea2487bbb8eaec716c760bf60b45e7e13f76f913f56e9", size = 3715230, upload-time = "2025-02-27T14:10:41.375Z" }
wheels = [
    { url = "https://files.pythonhosted.org/packages/5c/1c/9de3a463279e9a203104fe80881d7dcfd8377eb52b3d5608770ea6ff3dc6/ruff-0.9.8-py3-none-linux_armv6l.whl", hash = "sha256:d236f0ce0190bbc6fa9b4c4b85e916fb4c50fd087e6558af1bf5a45eb20e374d", size = 10036520, upload-time = "2025-02-27T14:09:48.894Z" },
    { url = "https://files.pythonhosted.org/packages/35/10/a4eda083ad0b60a4c16bc9a68c6eda59de69a3a58913a0b62541f5c551cd/ruff-0.9.8-py3-none-macosx_10_12_x86_64.whl", hash = "sha256:59fac6922b336d0c38df199761ade561563e1b7636e3a2b767b9ee5a68aa9cbf", size = 10827099, upload-time = "2025-02-27T14:09:52.537Z" },
    { url = "https://files.pythonhosted.org/packages/57/34/cf7e18f2315926ee2c98f931717e1302f8c3face189f5b99352eb48c5373/ruff-0.9.8-py3-none-macosx_11_0_arm64.whl", hash = "sha256:a82082ec72bde2166ec138055307396c4d4e543fd97266dc2bfa24284cb30af6", size = 10161605, upload-time = "2025-02-27T14:09:55.195Z" },
    { url = "https://files.pythonhosted.org/packages/f3/08/5e7e8fc08d193e3520b9227249a00bc9b8da9e0a20bf97bef03a9a9f0d38/ruff-0.9.8-py3-none-manylinux_2_17_aarch64.manylinux2014_aarch64.whl", hash = "sha256:e06635d12321605d1d11226c7d3c6b1245a0df498099868d14b4e353b3f0ac22", size = 10338840, upload-time = "2025-02-27T14:09:57.628Z" },
    { url = "https://files.pythonhosted.org/packages/54/c0/df2187618b87334867ea7942f6d2d79ea3e5cb3ed709cfa5c8df115d3715/ruff-0.9.8-py3-none-manylinux_2_17_armv7l.manylinux2014_armv7l.whl", hash = "sha256:65961815bb35d427e957940d13b2a1d0a67d8b245d3a7e0b5a4a2058536d3532", size = 9891009, upload-time = "2025-02-27T14:10:00.201Z" },
    { url = "https://files.pythonhosted.org/packages/fb/39/8fc50b87203e71e6f3281111813ab0f3d6095cb1129efc2cf4c33e977657/ruff-0.9.8-py3-none-manylinux_2_17_i686.manylinux2014_i686.whl", hash = "sha256:c18356beaef174797ad83f11debc5569e96afa73a549b2d073912565cfc4cfd1", size = 11413420, upload-time = "2025-02-27T14:10:03.159Z" },
    { url = "https://files.pythonhosted.org/packages/6a/7b/53cd91b99a1cef31126859fb98fdc347c47e0047a9ec51391ea28f08284d/ruff-0.9.8-py3-none-manylinux_2_17_ppc64.manylinux2014_ppc64.whl", hash = "sha256:a1dfc443bee0288ea926a4d9ecfd858bf94ddf0a03a256c63e81b2b6dccdfc7d", size = 12138017, upload-time = "2025-02-27T14:10:06.735Z" },
    { url = "https://files.pythonhosted.org/packages/1a/d4/949a328934202a2d2641dcd759761d8ed806e672cbbad0a88e20a46c43ba/ruff-0.9.8-py3-none-manylinux_2_17_ppc64le.manylinux2014_ppc64le.whl", hash = "sha256:bc86d5a85cd5ab1d5aff1650f038aa34681d0692cc2467aa9ddef37bd56ea3f9", size = 11592548, upload-time = "2025-02-27T14:10:09.463Z" },
    { url = "https://files.pythonhosted.org/packages/c6/8e/8520a4d97eefedb8472811fd5144fcb1fcbb29f83bb9bb4356a468e7eeac/ruff-0.9.8-py3-none-manylinux_2_17_s390x.manylinux2014_s390x.whl", hash = "sha256:66662aa19535d58fe6d04e5b59a39e495b102f2f5a2a1b9698e240eb78f429ef", size = 13787277, upload-time = "2025-02-27T14:10:12.72Z" },
    { url = "https://files.pythonhosted.org/packages/24/68/f1629e00dbc5c9adcd31f12f9438b68c50ab0eefca8b07e11b6c94f11b09/ruff-0.9.8-py3-none-manylinux_2_17_x86_64.manylinux2014_x86_64.whl", hash = "sha256:733647b2fe9367e1aa049c0eba296363746f3bc0dbfd454b0bc4b7b46cdf0146", size = 11275421, upload-time = "2025-02-27T14:10:15.76Z" },
    { url = "https://files.pythonhosted.org/packages/28/65/c133462f179b925e49910532c7d7b5a244df5995c155cd2ab9452545926f/ruff-0.9.8-py3-none-musllinux_1_2_aarch64.whl", hash = "sha256:100031be9777f67af7f61b4d4eea2a0531ed6788940aca4360f6b9aae317c53b", size = 10220273, upload-time = "2025-02-27T14:10:19.701Z" },
    { url = "https://files.pythonhosted.org/packages/d8/1e/9339aef1896470380838385dbdc91f62998c37d406009f05ff3b810265f3/ruff-0.9.8-py3-none-musllinux_1_2_armv7l.whl", hash = "sha256:2f090758d58b4667d9022eee1085a854db93d800279e5a177ebda5adc1faf639", size = 9860266, upload-time = "2025-02-27T14:10:23.393Z" },
    { url = "https://files.pythonhosted.org/packages/ca/33/2a2934860df6bd3665776ec686fc33910e7a1b793bdd2f000aea3e8f0b65/ruff-0.9.8-py3-none-musllinux_1_2_i686.whl", hash = "sha256:f774998b9c9a062510533aba9b53085de6be6d41e13a7a0bd086af8a40e838c3", size = 10831947, upload-time = "2025-02-27T14:10:27.038Z" },
    { url = "https://files.pythonhosted.org/packages/74/66/0a7677b1cda4b2367a654f9af57f1dbe58f38c6704da88aee9bbf3941197/ruff-0.9.8-py3-none-musllinux_1_2_x86_64.whl", hash = "sha256:6ef7cc80626264ab8ab4d68b359ba867b8a52b0830a9643cd31289146dd40892", size = 11306767, upload-time = "2025-02-27T14:10:29.92Z" },
    { url = "https://files.pythonhosted.org/packages/c4/90/6c98f94e036c8acdf19bd8f3f84d246e43cbcc950e24dc7ff85d2f2735ba/ruff-0.9.8-py3-none-win32.whl", hash = "sha256:54b57b623a683e696a1ede99db95500763c1badafe105b6ad8d8e9d96e385ae2", size = 10234107, upload-time = "2025-02-27T14:10:33.768Z" },
    { url = "https://files.pythonhosted.org/packages/f5/e7/35877491b4b64daa35cbd7dc06aa5969e7bb1cd6f69e5594e4376dfbc16d/ruff-0.9.8-py3-none-win_amd64.whl", hash = "sha256:b0878103b2fb8af55ad701308a69ce713108ad346c3a3a143ebcd1e13829c9a7", size = 11357825, upload-time = "2025-02-27T14:10:36.467Z" },
    { url = "https://files.pythonhosted.org/packages/6e/98/de77a972b2e9ded804dea5d4e6fbfa093d99e81092602567787ea87979af/ruff-0.9.8-py3-none-win_arm64.whl", hash = "sha256:e459a4fc4150fcc60da26c59a6a4b70878c60a99df865a71cf6f958dc68c419a", size = 10435420, upload-time = "2025-02-27T14:10:39.129Z" },
]

[[package]]
name = "shapely"
version = "2.0.6"
source = { registry = "https://pypi.org/simple" }
dependencies = [
    { name = "numpy" },
]
sdist = { url = "https://files.pythonhosted.org/packages/4a/89/0d20bac88016be35ff7d3c0c2ae64b477908f1b1dfa540c5d69ac7af07fe/shapely-2.0.6.tar.gz", hash = "sha256:997f6159b1484059ec239cacaa53467fd8b5564dabe186cd84ac2944663b0bf6", size = 282361, upload-time = "2024-08-19T21:57:22.303Z" }
wheels = [
    { url = "https://files.pythonhosted.org/packages/17/d4/f84bbbdb7771f5b9ade94db2398b256cf1471f1eb0ca8afbe0f6ca725d5a/shapely-2.0.6-cp310-cp310-macosx_10_9_x86_64.whl", hash = "sha256:29a34e068da2d321e926b5073539fd2a1d4429a2c656bd63f0bd4c8f5b236d0b", size = 1449635, upload-time = "2024-08-19T21:56:13.263Z" },
    { url = "https://files.pythonhosted.org/packages/03/10/bd6edb66ed0a845f0809f7ce653596f6fd9c6be675b3653872f47bf49f82/shapely-2.0.6-cp310-cp310-macosx_11_0_arm64.whl", hash = "sha256:e1c84c3f53144febf6af909d6b581bc05e8785d57e27f35ebaa5c1ab9baba13b", size = 1296756, upload-time = "2024-08-19T21:56:15.281Z" },
    { url = "https://files.pythonhosted.org/packages/af/09/6374c11cb493a9970e8c04d7be25f578a37f6494a2fecfbed3a447b16b2c/shapely-2.0.6-cp310-cp310-manylinux_2_17_aarch64.manylinux2014_aarch64.whl", hash = "sha256:2ad2fae12dca8d2b727fa12b007e46fbc522148a584f5d6546c539f3464dccde", size = 2381960, upload-time = "2024-08-19T22:00:50.464Z" },
    { url = "https://files.pythonhosted.org/packages/2b/a6/302e0d9c210ccf4d1ffadf7ab941797d3255dcd5f93daa73aaf116a4db39/shapely-2.0.6-cp310-cp310-manylinux_2_17_x86_64.manylinux2014_x86_64.whl", hash = "sha256:b3304883bd82d44be1b27a9d17f1167fda8c7f5a02a897958d86c59ec69b705e", size = 2468133, upload-time = "2024-08-19T21:56:18.171Z" },
    { url = "https://files.pythonhosted.org/packages/8c/be/e448681dc485f2931d4adee93d531fce93608a3ee59433303cc1a46e21a5/shapely-2.0.6-cp310-cp310-win32.whl", hash = "sha256:3ec3a0eab496b5e04633a39fa3d5eb5454628228201fb24903d38174ee34565e", size = 1294982, upload-time = "2024-08-19T21:56:20.426Z" },
    { url = "https://files.pythonhosted.org/packages/cd/4c/6f4a6fc085e3be01c4c9de0117a2d373bf9fec5f0426cf4d5c94090a5a4d/shapely-2.0.6-cp310-cp310-win_amd64.whl", hash = "sha256:28f87cdf5308a514763a5c38de295544cb27429cfa655d50ed8431a4796090c4", size = 1441141, upload-time = "2024-08-19T21:56:22.312Z" },
    { url = "https://files.pythonhosted.org/packages/9d/6f/19fda412323f512e21b8888523596177070bca29a80d1b70f4b6a5e7869f/shapely-2.0.6-cp39-cp39-macosx_10_9_x86_64.whl", hash = "sha256:392f66f458a0a2c706254f473290418236e52aa4c9b476a072539d63a2460595", size = 1451236, upload-time = "2024-08-19T21:57:11.531Z" },
    { url = "https://files.pythonhosted.org/packages/bc/f5/5dfd13e90fe881560b4b1196e47fab48d6469c33d0b78d0f57a5e10bd409/shapely-2.0.6-cp39-cp39-macosx_11_0_arm64.whl", hash = "sha256:eba5bae271d523c938274c61658ebc34de6c4b33fdf43ef7e938b5776388c1be", size = 1298209, upload-time = "2024-08-19T21:57:14.572Z" },
    { url = "https://files.pythonhosted.org/packages/76/89/6be88c828e2c671dfdd5b0c875d08c8573c6f1bac759f297b166e0b2c64c/shapely-2.0.6-cp39-cp39-manylinux_2_17_aarch64.manylinux2014_aarch64.whl", hash = "sha256:7060566bc4888b0c8ed14b5d57df8a0ead5c28f9b69fb6bed4476df31c51b0af", size = 2389098, upload-time = "2024-08-19T22:01:19.546Z" },
    { url = "https://files.pythonhosted.org/packages/a5/b2/6a4589439880244f86c1d3061efd91faf8ec21e646df18730810b6d59481/shapely-2.0.6-cp39-cp39-manylinux_2_17_x86_64.manylinux2014_x86_64.whl", hash = "sha256:b02154b3e9d076a29a8513dffcb80f047a5ea63c897c0cd3d3679f29363cf7e5", size = 2473382, upload-time = "2024-08-19T21:57:16.616Z" },
    { url = "https://files.pythonhosted.org/packages/42/dd/2a039361d249dc84f0470173356c36d74516fe2978dfdde98197618f4e5c/shapely-2.0.6-cp39-cp39-win32.whl", hash = "sha256:44246d30124a4f1a638a7d5419149959532b99dfa25b54393512e6acc9c211ac", size = 1296873, upload-time = "2024-08-19T21:57:18.441Z" },
    { url = "https://files.pythonhosted.org/packages/a7/68/0e4b9aab76d2b7f44013dc98aa16c7f9e33dd1b34088140fb15664967e8b/shapely-2.0.6-cp39-cp39-win_amd64.whl", hash = "sha256:2b542d7f1dbb89192d3512c52b679c822ba916f93479fa5d4fc2fe4fa0b3c9e8", size = 1442993, upload-time = "2024-08-19T21:57:20.485Z" },
]

[[package]]
name = "tomli"
version = "2.2.1"
source = { registry = "https://pypi.org/simple" }
sdist = { url = "https://files.pythonhosted.org/packages/18/87/302344fed471e44a87289cf4967697d07e532f2421fdaf868a303cbae4ff/tomli-2.2.1.tar.gz", hash = "sha256:cd45e1dc79c835ce60f7404ec8119f2eb06d38b1deba146f07ced3bbc44505ff", size = 17175, upload-time = "2024-11-27T22:38:36.873Z" }
wheels = [
    { url = "https://files.pythonhosted.org/packages/6e/c2/61d3e0f47e2b74ef40a68b9e6ad5984f6241a942f7cd3bbfbdbd03861ea9/tomli-2.2.1-py3-none-any.whl", hash = "sha256:cb55c73c5f4408779d0cf3eef9f762b9c9f147a77de7b258bef0a5628adc85cc", size = 14257, upload-time = "2024-11-27T22:38:35.385Z" },
]

[[package]]
name = "typing-extensions"
version = "4.12.2"
source = { registry = "https://pypi.org/simple" }
sdist = { url = "https://files.pythonhosted.org/packages/df/db/f35a00659bc03fec321ba8bce9420de607a1d37f8342eee1863174c69557/typing_extensions-4.12.2.tar.gz", hash = "sha256:1a7ead55c7e559dd4dee8856e3a88b41225abfe1ce8df57b7c13915fe121ffb8", size = 85321, upload-time = "2024-06-07T18:52:15.995Z" }
wheels = [
    { url = "https://files.pythonhosted.org/packages/26/9f/ad63fc0248c5379346306f8668cda6e2e2e9c95e01216d2b8ffd9ff037d0/typing_extensions-4.12.2-py3-none-any.whl", hash = "sha256:04e5ca0351e0f3f85c6853954072df659d0d13fac324d0072316b67d7794700d", size = 37438, upload-time = "2024-06-07T18:52:13.582Z" },
]

[[package]]
name = "utama"
version = "1.0.0"
source = { editable = "." }
dependencies = [
    { name = "gymnasium" },
    { name = "lenses" },
    { name = "numpy" },
    { name = "protobuf" },
    { name = "py-trees" },
    { name = "pygame" },
    { name = "pyserial" },
    { name = "pytest" },
    { name = "rc-robosim" },
    { name = "shapely" },
]

[package.dev-dependencies]
dev = [
    { name = "ruff" },
]

[package.metadata]
requires-dist = [
    { name = "gymnasium", specifier = "==1.0.0" },
    { name = "lenses", specifier = ">=1.2.0" },
    { name = "numpy", specifier = "==2.0.2" },
    { name = "protobuf", specifier = "==3.20.2" },
    { name = "py-trees", specifier = ">=2.3.0" },
    { name = "pygame", specifier = "==2.6.1" },
    { name = "pyserial", specifier = "==3.5" },
    { name = "pytest", specifier = "==8.3.4" },
    { name = "rc-robosim", specifier = "==1.2" },
    { name = "shapely", specifier = "==2.0.6" },
]

[package.metadata.requires-dev]
dev = [{ name = "ruff", specifier = ">=0.9.8" }]

[[package]]
name = "zipp"
version = "3.21.0"
source = { registry = "https://pypi.org/simple" }
sdist = { url = "https://files.pythonhosted.org/packages/3f/50/bad581df71744867e9468ebd0bcd6505de3b275e06f202c2cb016e3ff56f/zipp-3.21.0.tar.gz", hash = "sha256:2c9958f6430a2040341a52eb608ed6dd93ef4392e02ffe219417c1b28b5dd1f4", size = 24545, upload-time = "2024-11-10T15:05:20.202Z" }
wheels = [
    { url = "https://files.pythonhosted.org/packages/b7/1a/7e4798e9339adc931158c9d69ecc34f5e6791489d469f5e50ec15e35f458/zipp-3.21.0-py3-none-any.whl", hash = "sha256:ac1bbe05fd2991f160ebce24ffbac5f6d11d83dc90891255885223d42b3cd931", size = 9630, upload-time = "2024-11-10T15:05:19.275Z" },
]
